{
  "nodes": {
    "agenix": {
      "inputs": {
        "darwin": "darwin",
        "home-manager": [
          "home-manager"
        ],
        "nixpkgs": [
          "nixpkgs"
        ],
        "systems": [
          "systems"
        ]
      },
      "locked": {
        "lastModified": 1770165109,
        "narHash": "sha256-9VnK6Oqai65puVJ4WYtCTvlJeXxMzAp/69HhQuTdl/I=",
        "owner": "ryantm",
        "repo": "agenix",
        "rev": "b027ee29d959fda4b60b57566d64c98a202e0feb",
        "type": "github"
      },
      "original": {
        "owner": "ryantm",
        "repo": "agenix",
        "type": "github"
      }
    },
    "bsuir": {
      "inputs": {
        "bsuir-tex": "bsuir-tex",
        "kasumi": "kasumi_2",
        "nixpkgs": [
          "nixpkgs"
        ]
      },
      "locked": {
        "lastModified": 1775435807,
        "narHash": "sha256-7d+eccszN3wtFk/7NM5GHrdvgdu23TmyRsCagXQcI7c=",
        "ref": "refs/heads/master",
        "rev": "1f8760ff9eb3805805d3b8076cfcf4301878bbe7",
        "revCount": 431,
        "type": "git",
        "url": "file:/home/nadevko/Workspace/bsuir"
      },
      "original": {
        "type": "git",
        "url": "file:/home/nadevko/Workspace/bsuir"
      }
    },
    "bsuir-tex": {
      "inputs": {
        "kasumi": "kasumi",
        "nixpkgs": [
          "bsuir",
          "nixpkgs"
        ]
      },
      "locked": {
        "lastModified": 1772723984,
        "narHash": "sha256-dKCV0dSYlHi5vUJxgQ0FOfBj+d9zCzJ+27RtADTqDuE=",
        "ref": "refs/heads/master",
        "rev": "2f70e43ca67b2c22df4a9823b54665f769cb58b0",
        "revCount": 49,
        "type": "git",
        "url": "file:/home/nadevko/Workspace/bsuir/tex"
      },
      "original": {
        "type": "git",
        "url": "file:/home/nadevko/Workspace/bsuir/tex"
      }
    },
    "darwin": {
      "inputs": {
        "nixpkgs": [
          "agenix",
          "nixpkgs"
        ]
      },
      "locked": {
        "lastModified": 1744478979,
        "narHash": "sha256-dyN+teG9G82G+m+PX/aSAagkC+vUv0SgUw3XkPhQodQ=",
        "owner": "lnl7",
        "repo": "nix-darwin",
        "rev": "43975d782b418ebf4969e9ccba82466728c2851b",
        "type": "github"
      },
      "original": {
        "owner": "lnl7",
        "ref": "master",
        "repo": "nix-darwin",
        "type": "github"
      }
    },
    "deploy-rs": {
      "inputs": {
        "flake-compat": [
          "flake-compat"
        ],
        "nixpkgs": [
          "nixpkgs"
        ],
        "utils": [
          "flake-utils"
        ]
      },
      "locked": {
        "lastModified": 1770019181,
        "narHash": "sha256-hwsYgDnby50JNVpTRYlF3UR/Rrpt01OrxVuryF40CFY=",
        "owner": "serokell",
        "repo": "deploy-rs",
        "rev": "77c906c0ba56aabdbc72041bf9111b565cdd6171",
        "type": "github"
      },
      "original": {
        "owner": "serokell",
        "repo": "deploy-rs",
        "type": "github"
      }
    },
    "flake-compat": {
      "locked": {
        "lastModified": 1767039857,
        "narHash": "sha256-vNpUSpF5Nuw8xvDLj2KCwwksIbjua2LZCqhV1LNRDns=",
        "owner": "edolstra",
        "repo": "flake-compat",
        "rev": "5edf11c44bc78a0d334f6334cdaf7d60d732daab",
        "type": "github"
      },
      "original": {
        "owner": "edolstra",
        "repo": "flake-compat",
        "type": "github"
      }
    },
    "flake-parts": {
      "inputs": {
        "nixpkgs-lib": [
          "nixpkgs"
        ]
      },
      "locked": {
        "lastModified": 1775087534,
        "narHash": "sha256-91qqW8lhL7TLwgQWijoGBbiD4t7/q75KTi8NxjVmSmA=",
        "owner": "hercules-ci",
        "repo": "flake-parts",
        "rev": "3107b77cd68437b9a76194f0f7f9c55f2329ca5b",
        "type": "github"
      },
      "original": {
        "owner": "hercules-ci",
        "repo": "flake-parts",
        "type": "github"
      }
    },
    "flake-utils": {
      "inputs": {
        "systems": [
          "systems"
        ]
      },
      "locked": {
        "lastModified": 1731533236,
        "narHash": "sha256-l0KFg5HjrsfsO/JpG+r7fRrqm12kzFHyUHqHCVpMMbI=",
        "owner": "numtide",
        "repo": "flake-utils",
        "rev": "11707dc2f618dd54ca8739b309ec4fc024de578b",
        "type": "github"
      },
      "original": {
        "owner": "numtide",
        "repo": "flake-utils",
        "type": "github"
      }
    },
    "freesm": {
      "inputs": {
        "flake-compat": [
          "flake-compat"
        ],
        "libnbtplusplus": "libnbtplusplus",
        "nix-filter": "nix-filter",
        "nixpkgs": [
          "nixpkgs"
        ]
      },
      "locked": {
        "lastModified": 1775468307,
        "narHash": "sha256-g2Ftko03NMu/qEL13tu99Eb/SUjbs2RqtFbXUzc7DWk=",
        "owner": "FreesmTeam",
        "repo": "FreesmLauncher",
        "rev": "9d4ea228d18485569da2ed6d4464ac5a8274b091",
        "type": "github"
      },
      "original": {
        "owner": "FreesmTeam",
        "repo": "FreesmLauncher",
        "type": "github"
      }
    },
    "gitignore": {
      "inputs": {
        "nixpkgs": [
          "pre-commit-hooks",
          "nixpkgs"
        ]
      },
      "locked": {
        "lastModified": 1709087332,
        "narHash": "sha256-HG2cCnktfHsKV0s4XW83gU3F57gaTljL9KNSuG6bnQs=",
        "owner": "hercules-ci",
        "repo": "gitignore.nix",
        "rev": "637db329424fd7e46cf4185293b9cc8c88c95394",
        "type": "github"
      },
      "original": {
        "owner": "hercules-ci",
        "repo": "gitignore.nix",
        "type": "github"
      }
    },
    "home-manager": {
      "inputs": {
        "nixpkgs": [
          "nixpkgs"
        ]
      },
      "locked": {
        "lastModified": 1775587248,
        "narHash": "sha256-lMdrBTTTUprYOeoxRLmwtQAvyaxkWZtx+EEkeJHGxrY=",
        "owner": "nix-community",
        "repo": "home-manager",
        "rev": "9cc761169a1bbf1d9787cdbe9abf07f4bae213a1",
        "type": "github"
      },
      "original": {
        "owner": "nix-community",
        "repo": "home-manager",
        "type": "github"
      }
    },
    "impermanence": {
      "inputs": {
        "home-manager": [
          "home-manager"
        ],
        "nixpkgs": [
          "nixpkgs"
        ]
      },
      "locked": {
        "lastModified": 1769548169,
        "narHash": "sha256-03+JxvzmfwRu+5JafM0DLbxgHttOQZkUtDWBmeUkN8Y=",
        "owner": "nix-community",
        "repo": "impermanence",
        "rev": "7b1d382faf603b6d264f58627330f9faa5cba149",
        "type": "github"
      },
      "original": {
        "owner": "nix-community",
        "repo": "impermanence",
        "type": "github"
      }
    },
    "kasumi": {
      "inputs": {
        "nixpkgs": [
          "bsuir",
          "bsuir-tex",
          "nixpkgs"
        ]
      },
      "locked": {
        "lastModified": 1771871028,
        "narHash": "sha256-7wWIOhVFquqToQhsGkpZzO//tL3GtURuNybxj92yYrs=",
        "rev": "cc0a6826be2c4c4c6a419d7b420980b5d58bebca",
        "type": "tarball",
        "url": "https://codeberg.org/api/v1/repos/nadevko/kasumi/archive/cc0a6826be2c4c4c6a419d7b420980b5d58bebca.tar.gz"
      },
      "original": {
        "type": "tarball",
        "url": "https://codeberg.org/nadevko/kasumi/archive/master.tar.gz"
      }
    },
    "kasumi_2": {
      "inputs": {
        "nixpkgs": [
          "bsuir",
          "nixpkgs"
        ]
      },
      "locked": {
        "lastModified": 1771871028,
        "narHash": "sha256-7wWIOhVFquqToQhsGkpZzO//tL3GtURuNybxj92yYrs=",
        "rev": "cc0a6826be2c4c4c6a419d7b420980b5d58bebca",
        "type": "tarball",
        "url": "https://codeberg.org/api/v1/repos/nadevko/kasumi/archive/cc0a6826be2c4c4c6a419d7b420980b5d58bebca.tar.gz"
      },
      "original": {
        "type": "tarball",
        "url": "https://codeberg.org/nadevko/kasumi/archive/master.tar.gz"
      }
    },
    "kasumi_3": {
      "inputs": {
        "nixpkgs": [
          "nixpkgs"
        ]
      },
      "locked": {
        "lastModified": 1771871028,
        "narHash": "sha256-7wWIOhVFquqToQhsGkpZzO//tL3GtURuNybxj92yYrs=",
        "rev": "cc0a6826be2c4c4c6a419d7b420980b5d58bebca",
        "type": "tarball",
        "url": "https://codeberg.org/api/v1/repos/nadevko/kasumi/archive/cc0a6826be2c4c4c6a419d7b420980b5d58bebca.tar.gz"
      },
      "original": {
        "type": "tarball",
        "url": "https://codeberg.org/api/v1/repos/nadevko/kasumi/archive/cc0a6826be2c4c4c6a419d7b420980b5d58bebca.tar.gz"
      }
    },
    "libnbtplusplus": {
      "flake": false,
      "locked": {
        "lastModified": 1744811532,
        "narHash": "sha256-qhmjaRkt+O7A+gu6HjUkl7QzOEb4r8y8vWZMG2R/C6o=",
        "owner": "FreesmTeam",
        "repo": "libnbtplusplus",
        "rev": "531449ba1c930c98e0bcf5d332b237a8566f9d78",
        "type": "github"
      },
      "original": {
        "owner": "FreesmTeam",
        "repo": "libnbtplusplus",
        "type": "github"
      }
    },
    "nix-filter": {
      "locked": {
        "lastModified": 1757882181,
        "narHash": "sha256-+cCxYIh2UNalTz364p+QYmWHs0P+6wDhiWR4jDIKQIU=",
        "owner": "numtide",
        "repo": "nix-filter",
        "rev": "59c44d1909c72441144b93cf0f054be7fe764de5",
        "type": "github"
      },
      "original": {
        "owner": "numtide",
        "repo": "nix-filter",
        "type": "github"
      }
    },
    "nix4vscode": {
      "inputs": {
        "nixpkgs": [
          "nixpkgs"
        ],
        "systems": [
          "systems"
        ]
      },
      "locked": {
        "lastModified": 1775530873,
        "narHash": "sha256-nl9iOBCXMXECTq7QRSSfp+i3SIQy/jL0hYVZTfxiE0s=",
        "owner": "nix-community",
        "repo": "nix4vscode",
        "rev": "0898608985a6af68add3328296944295c80976db",
        "type": "github"
      },
      "original": {
        "owner": "nix-community",
        "repo": "nix4vscode",
        "type": "github"
      }
    },
    "nixos-hardware": {
      "locked": {
        "lastModified": 1775490113,
        "narHash": "sha256-2ZBhDNZZwYkRmefK5XLOusCJHnoeKkoN95hoSGgMxWM=",
        "owner": "NixOS",
        "repo": "nixos-hardware",
        "rev": "c775c2772ba56e906cbeb4e0b2db19079ef11ff7",
        "type": "github"
      },
      "original": {
        "owner": "NixOS",
        "repo": "nixos-hardware",
        "type": "github"
      }
    },
    "nixpkgs": {
      "locked": {
        "lastModified": 1775423009,
        "narHash": "sha256-hvNLo3SaIwi6+Cm5NMLyFQYJrYagpsYap4EfQe9CQpc=",
        "rev": "68d8aa3d661f0e6bd5862291b5bb263b2a6595c9",
        "type": "tarball",
        "url": "https://releases.nixos.org/nixos/unstable/nixos-26.05pre975402.68d8aa3d661f/nixexprs.tar.xz"
      },
      "original": {
        "type": "tarball",
        "url": "https://channels.nixos.org/nixos-unstable/nixexprs.tar.xz"
      }
    },
    "nixvim": {
      "inputs": {
        "flake-parts": [
          "flake-parts"
        ],
        "nixpkgs": [
          "nixpkgs"
        ],
        "systems": [
          "systems"
        ]
      },
      "locked": {
        "lastModified": 1775307257,
        "narHash": "sha256-y9hEecHH4ennFwIcw1n480YCGh73DkEmizmQnyXuvgg=",
        "owner": "nix-community",
        "repo": "nixvim",
        "rev": "2e008bb941f72379d5b935d5bfe70ed8b7c793ff",
        "type": "github"
      },
      "original": {
        "owner": "nix-community",
        "repo": "nixvim",
        "type": "github"
      }
    },
    "pre-commit-hooks": {
      "inputs": {
        "flake-compat": [
          "flake-compat"
        ],
        "gitignore": "gitignore",
        "nixpkgs": [
          "nixpkgs"
        ]
      },
      "locked": {
        "lastModified": 1775585728,
        "narHash": "sha256-8Psjt+TWvE4thRKktJsXfR6PA/fWWsZ04DVaY6PUhr4=",
        "owner": "cachix",
        "repo": "pre-commit-hooks.nix",
        "rev": "580633fa3fe5fc0379905986543fd7495481913d",
        "type": "github"
      },
      "original": {
        "owner": "cachix",
        "repo": "pre-commit-hooks.nix",
        "type": "github"
      }
    },
    "root": {
      "inputs": {
        "agenix": "agenix",
        "bsuir": "bsuir",
        "deploy-rs": "deploy-rs",
        "flake-compat": "flake-compat",
        "flake-parts": "flake-parts",
        "flake-utils": "flake-utils",
        "freesm": "freesm",
        "home-manager": "home-manager",
        "impermanence": "impermanence",
        "kasumi": "kasumi_3",
        "nix4vscode": "nix4vscode",
        "nixos-hardware": "nixos-hardware",
        "nixpkgs": "nixpkgs",
        "nixvim": "nixvim",
        "pre-commit-hooks": "pre-commit-hooks",
        "rycee": "rycee",
        "spicetify-nix": "spicetify-nix",
        "systems": "systems"
      }
    },
    "rycee": {
      "flake": false,
      "locked": {
        "lastModified": 1774773254,
        "narHash": "sha256-WuLfXm6DEjtWDM4qgCS640B+5wjG12Jc57yWdAF7TPo=",
        "owner": "~rycee",
        "repo": "nur-expressions",
        "rev": "9b89055deea1bc61867e3280f3f2cce798436807",
        "type": "sourcehut"
      },
      "original": {
        "owner": "~rycee",
        "repo": "nur-expressions",
        "type": "sourcehut"
      }
    },
    "spicetify-nix": {
      "inputs": {
        "nixpkgs": [
          "nixpkgs"
        ],
        "systems": [
          "systems"
        ]
      },
      "locked": {
        "lastModified": 1774790928,
        "narHash": "sha256-/JO77td8AOH45kg9IJl2DXDwbhn+cyQxYbCMu4Ae1CA=",
        "owner": "Gerg-L",
        "repo": "spicetify-nix",
        "rev": "2bfdf55faf76fed12950b17d4af501e5a463607f",
        "type": "github"
      },
      "original": {
        "owner": "Gerg-L",
        "repo": "spicetify-nix",
        "type": "github"
      }
    },
    "systems": {
      "locked": {
        "lastModified": 1681028828,
        "narHash": "sha256-Vy1rq5AaRuLzOxct8nz4T6wlgyUR7zLU309k9mBC768=",
        "owner": "nix-systems",
        "repo": "default",
        "rev": "da67096a3b9bf56a91d16901293e51ba5b49a27e",
        "type": "github"
      },
      "original": {
        "owner": "nix-systems",
        "repo": "default",
        "type": "github"
      }
    }
  },
  "root": "root",
  "version": 7
}
